// !$*UTF8*$!
{
	archiveVersion = 1;
	classes = {
	};
	objectVersion = 52;
	objects = {

/* Begin PBXBuildFile section */
		5B09BFD02690E23100381FE3 /* AppDelegate.swift in Sources */ = {isa = PBXBuildFile; fileRef = 5B09BFCF2690E23100381FE3 /* AppDelegate.swift */; };
		5B09BFD22690E23100381FE3 /* SceneDelegate.swift in Sources */ = {isa = PBXBuildFile; fileRef = 5B09BFD12690E23100381FE3 /* SceneDelegate.swift */; };
		5B09BFD72690E23100381FE3 /* Main.storyboard in Resources */ = {isa = PBXBuildFile; fileRef = 5B09BFD52690E23100381FE3 /* Main.storyboard */; };
		5B09BFD92690E23200381FE3 /* Assets.xcassets in Resources */ = {isa = PBXBuildFile; fileRef = 5B09BFD82690E23200381FE3 /* Assets.xcassets */; };
		5B09BFDC2690E23200381FE3 /* LaunchScreen.storyboard in Resources */ = {isa = PBXBuildFile; fileRef = 5B09BFDA2690E23200381FE3 /* LaunchScreen.storyboard */; };
		5B09BFE72690E23200381FE3 /* FlixTests.swift in Sources */ = {isa = PBXBuildFile; fileRef = 5B09BFE62690E23200381FE3 /* FlixTests.swift */; };
		5B09BFF22690E23200381FE3 /* FlixUITests.swift in Sources */ = {isa = PBXBuildFile; fileRef = 5B09BFF12690E23200381FE3 /* FlixUITests.swift */; };
		5B09C0002690E2A700381FE3 /* MoviesViewController.swift in Sources */ = {isa = PBXBuildFile; fileRef = 5B09BFFF2690E2A700381FE3 /* MoviesViewController.swift */; };
		5B09C004269137B100381FE3 /* MovieCell.swift in Sources */ = {isa = PBXBuildFile; fileRef = 5B09C003269137B100381FE3 /* MovieCell.swift */; };
		5B09C007269147C900381FE3 /* AlamofireImage in Frameworks */ = {isa = PBXBuildFile; productRef = 5B09C006269147C900381FE3 /* AlamofireImage */; };
/* End PBXBuildFile section */

/* Begin PBXContainerItemProxy section */
		5B09BFE32690E23200381FE3 /* PBXContainerItemProxy */ = {
			isa = PBXContainerItemProxy;
			containerPortal = 5B09BFC42690E23100381FE3 /* Project object */;
			proxyType = 1;
			remoteGlobalIDString = 5B09BFCB2690E23100381FE3;
			remoteInfo = Flix;
		};
		5B09BFEE2690E23200381FE3 /* PBXContainerItemProxy */ = {
			isa = PBXContainerItemProxy;
			containerPortal = 5B09BFC42690E23100381FE3 /* Project object */;
			proxyType = 1;
			remoteGlobalIDString = 5B09BFCB2690E23100381FE3;
			remoteInfo = Flix;
		};
/* End PBXContainerItemProxy section */

/* Begin PBXFileReference section */
		5B09BFCC2690E23100381FE3 /* Flix.app */ = {isa = PBXFileReference; explicitFileType = wrapper.application; includeInIndex = 0; path = Flix.app; sourceTree = BUILT_PRODUCTS_DIR; };
		5B09BFCF2690E23100381FE3 /* AppDelegate.swift */ = {isa = PBXFileReference; lastKnownFileType = sourcecode.swift; path = AppDelegate.swift; sourceTree = "<group>"; };
		5B09BFD12690E23100381FE3 /* SceneDelegate.swift */ = {isa = PBXFileReference; lastKnownFileType = sourcecode.swift; path = SceneDelegate.swift; sourceTree = "<group>"; };
		5B09BFD62690E23100381FE3 /* Base */ = {isa = PBXFileReference; lastKnownFileType = file.storyboard; name = Base; path = Base.lproj/Main.storyboard; sourceTree = "<group>"; };
		5B09BFD82690E23200381FE3 /* Assets.xcassets */ = {isa = PBXFileReference; lastKnownFileType = folder.assetcatalog; path = Assets.xcassets; sourceTree = "<group>"; };
		5B09BFDB2690E23200381FE3 /* Base */ = {isa = PBXFileReference; lastKnownFileType = file.storyboard; name = Base; path = Base.lproj/LaunchScreen.storyboard; sourceTree = "<group>"; };
		5B09BFDD2690E23200381FE3 /* Info.plist */ = {isa = PBXFileReference; lastKnownFileType = text.plist.xml; path = Info.plist; sourceTree = "<group>"; };
		5B09BFE22690E23200381FE3 /* FlixTests.xctest */ = {isa = PBXFileReference; explicitFileType = wrapper.cfbundle; includeInIndex = 0; path = FlixTests.xctest; sourceTree = BUILT_PRODUCTS_DIR; };
		5B09BFE62690E23200381FE3 /* FlixTests.swift */ = {isa = PBXFileReference; lastKnownFileType = sourcecode.swift; path = FlixTests.swift; sourceTree = "<group>"; };
		5B09BFE82690E23200381FE3 /* Info.plist */ = {isa = PBXFileReference; lastKnownFileType = text.plist.xml; path = Info.plist; sourceTree = "<group>"; };
		5B09BFED2690E23200381FE3 /* FlixUITests.xctest */ = {isa = PBXFileReference; explicitFileType = wrapper.cfbundle; includeInIndex = 0; path = FlixUITests.xctest; sourceTree = BUILT_PRODUCTS_DIR; };
		5B09BFF12690E23200381FE3 /* FlixUITests.swift */ = {isa = PBXFileReference; lastKnownFileType = sourcecode.swift; path = FlixUITests.swift; sourceTree = "<group>"; };
		5B09BFF32690E23200381FE3 /* Info.plist */ = {isa = PBXFileReference; lastKnownFileType = text.plist.xml; path = Info.plist; sourceTree = "<group>"; };
		5B09BFFF2690E2A700381FE3 /* MoviesViewController.swift */ = {isa = PBXFileReference; lastKnownFileType = sourcecode.swift; path = MoviesViewController.swift; sourceTree = "<group>"; };
		5B09C003269137B100381FE3 /* MovieCell.swift */ = {isa = PBXFileReference; lastKnownFileType = sourcecode.swift; path = MovieCell.swift; sourceTree = "<group>"; };
/* End PBXFileReference section */

/* Begin PBXFrameworksBuildPhase section */
		5B09BFC92690E23100381FE3 /* Frameworks */ = {
			isa = PBXFrameworksBuildPhase;
			buildActionMask = 2147483647;
			files = (
				5B09C007269147C900381FE3 /* AlamofireImage in Frameworks */,
			);
			runOnlyForDeploymentPostprocessing = 0;
		};
		5B09BFDF2690E23200381FE3 /* Frameworks */ = {
			isa = PBXFrameworksBuildPhase;
			buildActionMask = 2147483647;
			files = (
			);
			runOnlyForDeploymentPostprocessing = 0;
		};
		5B09BFEA2690E23200381FE3 /* Frameworks */ = {
			isa = PBXFrameworksBuildPhase;
			buildActionMask = 2147483647;
			files = (
			);
			runOnlyForDeploymentPostprocessing = 0;
		};
/* End PBXFrameworksBuildPhase section */

/* Begin PBXGroup section */
		5B09BFC32690E23100381FE3 = {
			isa = PBXGroup;
			children = (
				5B09BFCE2690E23100381FE3 /* Flix */,
				5B09BFE52690E23200381FE3 /* FlixTests */,
				5B09BFF02690E23200381FE3 /* FlixUITests */,
				5B09BFCD2690E23100381FE3 /* Products */,
			);
			sourceTree = "<group>";
		};
		5B09BFCD2690E23100381FE3 /* Products */ = {
			isa = PBXGroup;
			children = (
				5B09BFCC2690E23100381FE3 /* Flix.app */,
				5B09BFE22690E23200381FE3 /* FlixTests.xctest */,
				5B09BFED2690E23200381FE3 /* FlixUITests.xctest */,
			);
			name = Products;
			sourceTree = "<group>";
		};
		5B09BFCE2690E23100381FE3 /* Flix */ = {
			isa = PBXGroup;
			children = (
				5B09BFCF2690E23100381FE3 /* AppDelegate.swift */,
				5B09BFD12690E23100381FE3 /* SceneDelegate.swift */,
				5B09BFD52690E23100381FE3 /* Main.storyboard */,
				5B09BFD82690E23200381FE3 /* Assets.xcassets */,
				5B09BFDA2690E23200381FE3 /* LaunchScreen.storyboard */,
				5B09BFDD2690E23200381FE3 /* Info.plist */,
				5B09BFFF2690E2A700381FE3 /* MoviesViewController.swift */,
				5B09C003269137B100381FE3 /* MovieCell.swift */,
			);
			path = Flix;
			sourceTree = "<group>";
		};
		5B09BFE52690E23200381FE3 /* FlixTests */ = {
			isa = PBXGroup;
			children = (
				5B09BFE62690E23200381FE3 /* FlixTests.swift */,
				5B09BFE82690E23200381FE3 /* Info.plist */,
			);
			path = FlixTests;
			sourceTree = "<group>";
		};
		5B09BFF02690E23200381FE3 /* FlixUITests */ = {
			isa = PBXGroup;
			children = (
				5B09BFF12690E23200381FE3 /* FlixUITests.swift */,
				5B09BFF32690E23200381FE3 /* Info.plist */,
			);
			path = FlixUITests;
			sourceTree = "<group>";
		};
/* End PBXGroup section */

/* Begin PBXNativeTarget section */
		5B09BFCB2690E23100381FE3 /* Flix */ = {
			isa = PBXNativeTarget;
			buildConfigurationList = 5B09BFF62690E23200381FE3 /* Build configuration list for PBXNativeTarget "Flix" */;
			buildPhases = (
				5B09BFC82690E23100381FE3 /* Sources */,
				5B09BFC92690E23100381FE3 /* Frameworks */,
				5B09BFCA2690E23100381FE3 /* Resources */,
			);
			buildRules = (
			);
			dependencies = (
			);
			name = Flix;
			packageProductDependencies = (
				5B09C006269147C900381FE3 /* AlamofireImage */,
			);
			productName = Flix;
			productReference = 5B09BFCC2690E23100381FE3 /* Flix.app */;
			productType = "com.apple.product-type.application";
		};
		5B09BFE12690E23200381FE3 /* FlixTests */ = {
			isa = PBXNativeTarget;
			buildConfigurationList = 5B09BFF92690E23200381FE3 /* Build configuration list for PBXNativeTarget "FlixTests" */;
			buildPhases = (
				5B09BFDE2690E23200381FE3 /* Sources */,
				5B09BFDF2690E23200381FE3 /* Frameworks */,
				5B09BFE02690E23200381FE3 /* Resources */,
			);
			buildRules = (
			);
			dependencies = (
				5B09BFE42690E23200381FE3 /* PBXTargetDependency */,
			);
			name = FlixTests;
			productName = FlixTests;
			productReference = 5B09BFE22690E23200381FE3 /* FlixTests.xctest */;
			productType = "com.apple.product-type.bundle.unit-test";
		};
		5B09BFEC2690E23200381FE3 /* FlixUITests */ = {
			isa = PBXNativeTarget;
			buildConfigurationList = 5B09BFFC2690E23200381FE3 /* Build configuration list for PBXNativeTarget "FlixUITests" */;
			buildPhases = (
				5B09BFE92690E23200381FE3 /* Sources */,
				5B09BFEA2690E23200381FE3 /* Frameworks */,
				5B09BFEB2690E23200381FE3 /* Resources */,
			);
			buildRules = (
			);
			dependencies = (
				5B09BFEF2690E23200381FE3 /* PBXTargetDependency */,
			);
			name = FlixUITests;
			productName = FlixUITests;
			productReference = 5B09BFED2690E23200381FE3 /* FlixUITests.xctest */;
			productType = "com.apple.product-type.bundle.ui-testing";
		};
/* End PBXNativeTarget section */

/* Begin PBXProject section */
		5B09BFC42690E23100381FE3 /* Project object */ = {
			isa = PBXProject;
			attributes = {
				LastSwiftUpdateCheck = 1250;
				LastUpgradeCheck = 1250;
				TargetAttributes = {
					5B09BFCB2690E23100381FE3 = {
						CreatedOnToolsVersion = 12.5.1;
					};
					5B09BFE12690E23200381FE3 = {
						CreatedOnToolsVersion = 12.5.1;
						TestTargetID = 5B09BFCB2690E23100381FE3;
					};
					5B09BFEC2690E23200381FE3 = {
						CreatedOnToolsVersion = 12.5.1;
						TestTargetID = 5B09BFCB2690E23100381FE3;
					};
				};
			};
			buildConfigurationList = 5B09BFC72690E23100381FE3 /* Build configuration list for PBXProject "Flix" */;
			compatibilityVersion = "Xcode 9.3";
			developmentRegion = en;
			hasScannedForEncodings = 0;
			knownRegions = (
				en,
				Base,
			);
			mainGroup = 5B09BFC32690E23100381FE3;
			packageReferences = (
				5B09C005269147C900381FE3 /* XCRemoteSwiftPackageReference "AlamofireImage" */,
			);
			productRefGroup = 5B09BFCD2690E23100381FE3 /* Products */;
			projectDirPath = "";
			projectRoot = "";
			targets = (
				5B09BFCB2690E23100381FE3 /* Flix */,
				5B09BFE12690E23200381FE3 /* FlixTests */,
				5B09BFEC2690E23200381FE3 /* FlixUITests */,
			);
		};
/* End PBXProject section */

/* Begin PBXResourcesBuildPhase section */
		5B09BFCA2690E23100381FE3 /* Resources */ = {
			isa = PBXResourcesBuildPhase;
			buildActionMask = 2147483647;
			files = (
				5B09BFDC2690E23200381FE3 /* LaunchScreen.storyboard in Resources */,
				5B09BFD92690E23200381FE3 /* Assets.xcassets in Resources */,
				5B09BFD72690E23100381FE3 /* Main.storyboard in Resources */,
			);
			runOnlyForDeploymentPostprocessing = 0;
		};
		5B09BFE02690E23200381FE3 /* Resources */ = {
			isa = PBXResourcesBuildPhase;
			buildActionMask = 2147483647;
			files = (
			);
			runOnlyForDeploymentPostprocessing = 0;
		};
		5B09BFEB2690E23200381FE3 /* Resources */ = {
			isa = PBXResourcesBuildPhase;
			buildActionMask = 2147483647;
			files = (
			);
			runOnlyForDeploymentPostprocessing = 0;
		};
/* End PBXResourcesBuildPhase section */

/* Begin PBXSourcesBuildPhase section */
		5B09BFC82690E23100381FE3 /* Sources */ = {
			isa = PBXSourcesBuildPhase;
			buildActionMask = 2147483647;
			files = (
				5B09BFD02690E23100381FE3 /* AppDelegate.swift in Sources */,
				5B09BFD22690E23100381FE3 /* SceneDelegate.swift in Sources */,
				5B09C004269137B100381FE3 /* MovieCell.swift in Sources */,
				5B09C0002690E2A700381FE3 /* MoviesViewController.swift in Sources */,
			);
			runOnlyForDeploymentPostprocessing = 0;
		};
		5B09BFDE2690E23200381FE3 /* Sources */ = {
			isa = PBXSourcesBuildPhase;
			buildActionMask = 2147483647;
			files = (
				5B09BFE72690E23200381FE3 /* FlixTests.swift in Sources */,
			);
			runOnlyForDeploymentPostprocessing = 0;
		};
		5B09BFE92690E23200381FE3 /* Sources */ = {
			isa = PBXSourcesBuildPhase;
			buildActionMask = 2147483647;
			files = (
				5B09BFF22690E23200381FE3 /* FlixUITests.swift in Sources */,
			);
			runOnlyForDeploymentPostprocessing = 0;
		};
/* End PBXSourcesBuildPhase section */

/* Begin PBXTargetDependency section */
		5B09BFE42690E23200381FE3 /* PBXTargetDependency */ = {
			isa = PBXTargetDependency;
			target = 5B09BFCB2690E23100381FE3 /* Flix */;
			targetProxy = 5B09BFE32690E23200381FE3 /* PBXContainerItemProxy */;
		};
		5B09BFEF2690E23200381FE3 /* PBXTargetDependency */ = {
			isa = PBXTargetDependency;
			target = 5B09BFCB2690E23100381FE3 /* Flix */;
			targetProxy = 5B09BFEE2690E23200381FE3 /* PBXContainerItemProxy */;
		};
/* End PBXTargetDependency section */

/* Begin PBXVariantGroup section */
		5B09BFD52690E23100381FE3 /* Main.storyboard */ = {
			isa = PBXVariantGroup;
			children = (
				5B09BFD62690E23100381FE3 /* Base */,
			);
			name = Main.storyboard;
			sourceTree = "<group>";
		};
		5B09BFDA2690E23200381FE3 /* LaunchScreen.storyboard */ = {
			isa = PBXVariantGroup;
			children = (
				5B09BFDB2690E23200381FE3 /* Base */,
			);
			name = LaunchScreen.storyboard;
			sourceTree = "<group>";
		};
/* End PBXVariantGroup section */

/* Begin XCBuildConfiguration section */
		5B09BFF42690E23200381FE3 /* Debug */ = {
			isa = XCBuildConfiguration;
			buildSettings = {
				ALWAYS_SEARCH_USER_PATHS = NO;
				CLANG_ANALYZER_NONNULL = YES;
				CLANG_ANALYZER_NUMBER_OBJECT_CONVERSION = YES_AGGRESSIVE;
				CLANG_CXX_LANGUAGE_STANDARD = "gnu++14";
				CLANG_CXX_LIBRARY = "libc++";
				CLANG_ENABLE_MODULES = YES;
				CLANG_ENABLE_OBJC_ARC = YES;
				CLANG_ENABLE_OBJC_WEAK = YES;
				CLANG_WARN_BLOCK_CAPTURE_AUTORELEASING = YES;
				CLANG_WARN_BOOL_CONVERSION = YES;
				CLANG_WARN_COMMA = YES;
				CLANG_WARN_CONSTANT_CONVERSION = YES;
				CLANG_WARN_DEPRECATED_OBJC_IMPLEMENTATIONS = YES;
				CLANG_WARN_DIRECT_OBJC_ISA_USAGE = YES_ERROR;
				CLANG_WARN_DOCUMENTATION_COMMENTS = YES;
				CLANG_WARN_EMPTY_BODY = YES;
				CLANG_WARN_ENUM_CONVERSION = YES;
				CLANG_WARN_INFINITE_RECURSION = YES;
				CLANG_WARN_INT_CONVERSION = YES;
				CLANG_WARN_NON_LITERAL_NULL_CONVERSION = YES;
				CLANG_WARN_OBJC_IMPLICIT_RETAIN_SELF = YES;
				CLANG_WARN_OBJC_LITERAL_CONVERSION = YES;
				CLANG_WARN_OBJC_ROOT_CLASS = YES_ERROR;
				CLANG_WARN_QUOTED_INCLUDE_IN_FRAMEWORK_HEADER = YES;
				CLANG_WARN_RANGE_LOOP_ANALYSIS = YES;
				CLANG_WARN_STRICT_PROTOTYPES = YES;
				CLANG_WARN_SUSPICIOUS_MOVE = YES;
				CLANG_WARN_UNGUARDED_AVAILABILITY = YES_AGGRESSIVE;
				CLANG_WARN_UNREACHABLE_CODE = YES;
				CLANG_WARN__DUPLICATE_METHOD_MATCH = YES;
				COPY_PHASE_STRIP = NO;
				DEBUG_INFORMATION_FORMAT = dwarf;
				ENABLE_STRICT_OBJC_MSGSEND = YES;
				ENABLE_TESTABILITY = YES;
				GCC_C_LANGUAGE_STANDARD = gnu11;
				GCC_DYNAMIC_NO_PIC = NO;
				GCC_NO_COMMON_BLOCKS = YES;
				GCC_OPTIMIZATION_LEVEL = 0;
				GCC_PREPROCESSOR_DEFINITIONS = (
					"DEBUG=1",
					"$(inherited)",
				);
				GCC_WARN_64_TO_32_BIT_CONVERSION = YES;
				GCC_WARN_ABOUT_RETURN_TYPE = YES_ERROR;
				GCC_WARN_UNDECLARED_SELECTOR = YES;
				GCC_WARN_UNINITIALIZED_AUTOS = YES_AGGRESSIVE;
				GCC_WARN_UNUSED_FUNCTION = YES;
				GCC_WARN_UNUSED_VARIABLE = YES;
				IPHONEOS_DEPLOYMENT_TARGET = 14.5;
				MTL_ENABLE_DEBUG_INFO = INCLUDE_SOURCE;
				MTL_FAST_MATH = YES;
				ONLY_ACTIVE_ARCH = YES;
				SDKROOT = iphoneos;
				SWIFT_ACTIVE_COMPILATION_CONDITIONS = DEBUG;
				SWIFT_OPTIMIZATION_LEVEL = "-Onone";
			};
			name = Debug;
		};
		5B09BFF52690E23200381FE3 /* Release */ = {
			isa = XCBuildConfiguration;
			buildSettings = {
				ALWAYS_SEARCH_USER_PATHS = NO;
				CLANG_ANALYZER_NONNULL = YES;
				CLANG_ANALYZER_NUMBER_OBJECT_CONVERSION = YES_AGGRESSIVE;
				CLANG_CXX_LANGUAGE_STANDARD = "gnu++14";
				CLANG_CXX_LIBRARY = "libc++";
				CLANG_ENABLE_MODULES = YES;
				CLANG_ENABLE_OBJC_ARC = YES;
				CLANG_ENABLE_OBJC_WEAK = YES;
				CLANG_WARN_BLOCK_CAPTURE_AUTORELEASING = YES;
				CLANG_WARN_BOOL_CONVERSION = YES;
				CLANG_WARN_COMMA = YES;
				CLANG_WARN_CONSTANT_CONVERSION = YES;
				CLANG_WARN_DEPRECATED_OBJC_IMPLEMENTATIONS = YES;
				CLANG_WARN_DIRECT_OBJC_ISA_USAGE = YES_ERROR;
				CLANG_WARN_DOCUMENTATION_COMMENTS = YES;
				CLANG_WARN_EMPTY_BODY = YES;
				CLANG_WARN_ENUM_CONVERSION = YES;
				CLANG_WARN_INFINITE_RECURSION = YES;
				CLANG_WARN_INT_CONVERSION = YES;
				CLANG_WARN_NON_LITERAL_NULL_CONVERSION = YES;
				CLANG_WARN_OBJC_IMPLICIT_RETAIN_SELF = YES;
				CLANG_WARN_OBJC_LITERAL_CONVERSION = YES;
				CLANG_WARN_OBJC_ROOT_CLASS = YES_ERROR;
				CLANG_WARN_QUOTED_INCLUDE_IN_FRAMEWORK_HEADER = YES;
				CLANG_WARN_RANGE_LOOP_ANALYSIS = YES;
				CLANG_WARN_STRICT_PROTOTYPES = YES;
				CLANG_WARN_SUSPICIOUS_MOVE = YES;
				CLANG_WARN_UNGUARDED_AVAILABILITY = YES_AGGRESSIVE;
				CLANG_WARN_UNREACHABLE_CODE = YES;
				CLANG_WARN__DUPLICATE_METHOD_MATCH = YES;
				COPY_PHASE_STRIP = NO;
				DEBUG_INFORMATION_FORMAT = "dwarf-with-dsym";
				ENABLE_NS_ASSERTIONS = NO;
				ENABLE_STRICT_OBJC_MSGSEND = YES;
				GCC_C_LANGUAGE_STANDARD = gnu11;
				GCC_NO_COMMON_BLOCKS = YES;
				GCC_WARN_64_TO_32_BIT_CONVERSION = YES;
				GCC_WARN_ABOUT_RETURN_TYPE = YES_ERROR;
				GCC_WARN_UNDECLARED_SELECTOR = YES;
				GCC_WARN_UNINITIALIZED_AUTOS = YES_AGGRESSIVE;
				GCC_WARN_UNUSED_FUNCTION = YES;
				GCC_WARN_UNUSED_VARIABLE = YES;
				IPHONEOS_DEPLOYMENT_TARGET = 14.5;
				MTL_ENABLE_DEBUG_INFO = NO;
				MTL_FAST_MATH = YES;
				SDKROOT = iphoneos;
				SWIFT_COMPILATION_MODE = wholemodule;
				SWIFT_OPTIMIZATION_LEVEL = "-O";
				VALIDATE_PRODUCT = YES;
			};
			name = Release;
		};
		5B09BFF72690E23200381FE3 /* Debug */ = {
			isa = XCBuildConfiguration;
			buildSettings = {
				ASSETCATALOG_COMPILER_APPICON_NAME = AppIcon;
				ASSETCATALOG_COMPILER_GLOBAL_ACCENT_COLOR_NAME = AccentColor;
				CODE_SIGN_STYLE = Automatic;
				DEVELOPMENT_TEAM = Z937J8U673;
				INFOPLIST_FILE = Flix/Info.plist;
				LD_RUNPATH_SEARCH_PATHS = (
					"$(inherited)",
					"@executable_path/Frameworks",
				);
				PRODUCT_BUNDLE_IDENTIFIER = vallejoo23.Flix;
				PRODUCT_NAME = "$(TARGET_NAME)";
				SWIFT_VERSION = 5.0;
				TARGETED_DEVICE_FAMILY = "1,2";
			};
			name = Debug;
		};
		5B09BFF82690E23200381FE3 /* Release */ = {
			isa = XCBuildConfiguration;
			buildSettings = {
				ASSETCATALOG_COMPILER_APPICON_NAME = AppIcon;
				ASSETCATALOG_COMPILER_GLOBAL_ACCENT_COLOR_NAME = AccentColor;
				CODE_SIGN_STYLE = Automatic;
				DEVELOPMENT_TEAM = Z937J8U673;
				INFOPLIST_FILE = Flix/Info.plist;
				LD_RUNPATH_SEARCH_PATHS = (
					"$(inherited)",
					"@executable_path/Frameworks",
				);
				PRODUCT_BUNDLE_IDENTIFIER = vallejoo23.Flix;
				PRODUCT_NAME = "$(TARGET_NAME)";
				SWIFT_VERSION = 5.0;
				TARGETED_DEVICE_FAMILY = "1,2";
			};
			name = Release;
		};
		5B09BFFA2690E23200381FE3 /* Debug */ = {
			isa = XCBuildConfiguration;
			buildSettings = {
				ALWAYS_EMBED_SWIFT_STANDARD_LIBRARIES = YES;
				BUNDLE_LOADER = "$(TEST_HOST)";
				CODE_SIGN_STYLE = Automatic;
				DEVELOPMENT_TEAM = Z937J8U673;
				INFOPLIST_FILE = FlixTests/Info.plist;
				IPHONEOS_DEPLOYMENT_TARGET = 14.5;
				LD_RUNPATH_SEARCH_PATHS = (
					"$(inherited)",
					"@executable_path/Frameworks",
					"@loader_path/Frameworks",
				);
				PRODUCT_BUNDLE_IDENTIFIER = vallejoo23.FlixTests;
				PRODUCT_NAME = "$(TARGET_NAME)";
				SWIFT_VERSION = 5.0;
				TARGETED_DEVICE_FAMILY = "1,2";
				TEST_HOST = "$(BUILT_PRODUCTS_DIR)/Flix.app/Flix";
			};
			name = Debug;
		};
		5B09BFFB2690E23200381FE3 /* Release */ = {
			isa = XCBuildConfiguration;
			buildSettings = {
				ALWAYS_EMBED_SWIFT_STANDARD_LIBRARIES = YES;
				BUNDLE_LOADER = "$(TEST_HOST)";
				CODE_SIGN_STYLE = Automatic;
				DEVELOPMENT_TEAM = Z937J8U673;
				INFOPLIST_FILE = FlixTests/Info.plist;
				IPHONEOS_DEPLOYMENT_TARGET = 14.5;
				LD_RUNPATH_SEARCH_PATHS = (
					"$(inherited)",
					"@executable_path/Frameworks",
					"@loader_path/Frameworks",
				);
				PRODUCT_BUNDLE_IDENTIFIER = vallejoo23.FlixTests;
				PRODUCT_NAME = "$(TARGET_NAME)";
				SWIFT_VERSION = 5.0;
				TARGETED_DEVICE_FAMILY = "1,2";
				TEST_HOST = "$(BUILT_PRODUCTS_DIR)/Flix.app/Flix";
			};
			name = Release;
		};
		5B09BFFD2690E23200381FE3 /* Debug */ = {
			isa = XCBuildConfiguration;
			buildSettings = {
				ALWAYS_EMBED_SWIFT_STANDARD_LIBRARIES = YES;
				CODE_SIGN_STYLE = Automatic;
				DEVELOPMENT_TEAM = Z937J8U673;
				INFOPLIST_FILE = FlixUITests/Info.plist;
				LD_RUNPATH_SEARCH_PATHS = (
					"$(inherited)",
					"@executable_path/Frameworks",
					"@loader_path/Frameworks",
				);
				PRODUCT_BUNDLE_IDENTIFIER = vallejoo23.FlixUITests;
				PRODUCT_NAME = "$(TARGET_NAME)";
				SWIFT_VERSION = 5.0;
				TARGETED_DEVICE_FAMILY = "1,2";
				TEST_TARGET_NAME = Flix;
			};
			name = Debug;
		};
		5B09BFFE2690E23200381FE3 /* Release */ = {
			isa = XCBuildConfiguration;
			buildSettings = {
				ALWAYS_EMBED_SWIFT_STANDARD_LIBRARIES = YES;
				CODE_SIGN_STYLE = Automatic;
				DEVELOPMENT_TEAM = Z937J8U673;
				INFOPLIST_FILE = FlixUITests/Info.plist;
				LD_RUNPATH_SEARCH_PATHS = (
					"$(inherited)",
					"@executable_path/Frameworks",
					"@loader_path/Frameworks",
				);
				PRODUCT_BUNDLE_IDENTIFIER = vallejoo23.FlixUITests;
				PRODUCT_NAME = "$(TARGET_NAME)";
				SWIFT_VERSION = 5.0;
				TARGETED_DEVICE_FAMILY = "1,2";
				TEST_TARGET_NAME = Flix;
			};
			name = Release;
		};
/* End XCBuildConfiguration section */

/* Begin XCConfigurationList section */
		5B09BFC72690E23100381FE3 /* Build configuration list for PBXProject "Flix" */ = {
			isa = XCConfigurationList;
			buildConfigurations = (
				5B09BFF42690E23200381FE3 /* Debug */,
				5B09BFF52690E23200381FE3 /* Release */,
			);
			defaultConfigurationIsVisible = 0;
			defaultConfigurationName = Release;
		};
		5B09BFF62690E23200381FE3 /* Build configuration list for PBXNativeTarget "Flix" */ = {
			isa = XCConfigurationList;
			buildConfigurations = (
				5B09BFF72690E23200381FE3 /* Debug */,
				5B09BFF82690E23200381FE3 /* Release */,
			);
			defaultConfigurationIsVisible = 0;
			defaultConfigurationName = Release;
		};
		5B09BFF92690E23200381FE3 /* Build configuration list for PBXNativeTarget "FlixTests" */ = {
			isa = XCConfigurationList;
			buildConfigurations = (
				5B09BFFA2690E23200381FE3 /* Debug */,
				5B09BFFB2690E23200381FE3 /* Release */,
			);
			defaultConfigurationIsVisible = 0;
			defaultConfigurationName = Release;
		};
		5B09BFFC2690E23200381FE3 /* Build configuration list for PBXNativeTarget "FlixUITests" */ = {
			isa = XCConfigurationList;
			buildConfigurations = (
				5B09BFFD2690E23200381FE3 /* Debug */,
				5B09BFFE2690E23200381FE3 /* Release */,
			);
			defaultConfigurationIsVisible = 0;
			defaultConfigurationName = Release;
		};
/* End XCConfigurationList section */

/* Begin XCRemoteSwiftPackageReference section */
		5B09C005269147C900381FE3 /* XCRemoteSwiftPackageReference "AlamofireImage" */ = {
			isa = XCRemoteSwiftPackageReference;
			repositoryURL = "https://github.com/Alamofire/AlamofireImage";
			requirement = {
				kind = upToNextMajorVersion;
				minimumVersion = 4.2.0;
			};
		};
/* End XCRemoteSwiftPackageReference section */

/* Begin XCSwiftPackageProductDependency section */
		5B09C006269147C900381FE3 /* AlamofireImage */ = {
			isa = XCSwiftPackageProductDependency;
			package = 5B09C005269147C900381FE3 /* XCRemoteSwiftPackageReference "AlamofireImage" */;
			productName = AlamofireImage;
		};
/* End XCSwiftPackageProductDependency section */
	};
	rootObject = 5B09BFC42690E23100381FE3 /* Project object */;
}
